
Microsoft Visual Studio Solution File, Format Version 12.00
# Visual Studio Version 17
VisualStudioVersion = 17.1.32421.90
MinimumVisualStudioVersion = 10.0.40219.1
Project("{FAE04EC0-301F-11D3-BF4B-00C04F79EFBC}") = "RoomReservationApp", "RoomReservationApp\RoomReservationApp.csproj", "{F5FA14A6-8C0C-4E34-878C-C28D8531FE01}"
EndProject
Global
	GlobalSection(SolutionConfigurationPlatforms) = preSolution
		Debug|Any CPU = Debug|Any CPU
		Release|Any CPU = Release|Any CPU
	EndGlobalSection
	GlobalSection(ProjectConfigurationPlatforms) = postSolution
		{F5FA14A6-8C0C-4E34-878C-C28D8531FE01}.Debug|Any CPU.ActiveCfg = Debug|Any CPU
		{F5FA14A6-8C0C-4E34-878C-C28D8531FE01}.Debug|Any CPU.Build.0 = Debug|Any CPU
		{F5FA14A6-8C0C-4E34-878C-C28D8531FE01}.Release|Any CPU.ActiveCfg = Release|Any CPU
		{F5FA14A6-8C0C-4E34-878C-C28D8531FE01}.Release|Any CPU.Build.0 = Release|Any CPU
	EndGlobalSection
	GlobalSection(SolutionProperties) = preSolution
		HideSolutionNode = FALSE
	EndGlobalSection
	GlobalSection(ExtensibilityGlobals) = postSolution
		SolutionGuid = {1666D9D5-1969-4541-BE0E-89454C1DEAFF}
	EndGlobalSection
EndGlobal
