
Microsoft Visual Studio Solution File, Format Version 12.00
# Visual Studio Version 17
VisualStudioVersion = 17.1.32421.90
MinimumVisualStudioVersion = 10.0.40219.1
Project("{FAE04EC0-301F-11D3-BF4B-00C04F79EFBC}") = "Commission-Manager", "Commission-Manager\Commission-Manager.csproj", "{0C132512-BE3C-4650-A51D-0E60FF72AA76}"
EndProject
Global
	GlobalSection(SolutionConfigurationPlatforms) = preSolution
		Debug|Any CPU = Debug|Any CPU
		Release|Any CPU = Release|Any CPU
	EndGlobalSection
	GlobalSection(ProjectConfigurationPlatforms) = postSolution
		{0C132512-BE3C-4650-A51D-0E60FF72AA76}.Debug|Any CPU.ActiveCfg = Debug|Any CPU
		{0C132512-BE3C-4650-A51D-0E60FF72AA76}.Debug|Any CPU.Build.0 = Debug|Any CPU
		{0C132512-BE3C-4650-A51D-0E60FF72AA76}.Release|Any CPU.ActiveCfg = Release|Any CPU
		{0C132512-BE3C-4650-A51D-0E60FF72AA76}.Release|Any CPU.Build.0 = Release|Any CPU
	EndGlobalSection
	GlobalSection(SolutionProperties) = preSolution
		HideSolutionNode = FALSE
	EndGlobalSection
	GlobalSection(ExtensibilityGlobals) = postSolution
		SolutionGuid = {681B9754-2A7F-4E78-BB27-105A4E486552}
	EndGlobalSection
EndGlobal
